
Microsoft Visual Studio Solution File, Format Version 12.00
# Visual Studio Version 16
VisualStudioVersion = 16.0.28917.181
MinimumVisualStudioVersion = 10.0.40219.1
Project("{FAE04EC0-301F-11D3-BF4B-00C04F79EFBC}") = "AsyncAwaitSample", "AsyncAwaitSample\AsyncAwaitSample.csproj", "{A828093E-D115-4A88-9080-7A9D17ADA71E}"
EndProject
Global
	GlobalSection(SolutionConfigurationPlatforms) = preSolution
		Debug|Any CPU = Debug|Any CPU
		Release|Any CPU = Release|Any CPU
	EndGlobalSection
	GlobalSection(ProjectConfigurationPlatforms) = postSolution
		{A828093E-D115-4A88-9080-7A9D17ADA71E}.Debug|Any CPU.ActiveCfg = Debug|Any CPU
		{A828093E-D115-4A88-9080-7A9D17ADA71E}.Debug|Any CPU.Build.0 = Debug|Any CPU
		{A828093E-D115-4A88-9080-7A9D17ADA71E}.Release|Any CPU.ActiveCfg = Release|Any CPU
		{A828093E-D115-4A88-9080-7A9D17ADA71E}.Release|Any CPU.Build.0 = Release|Any CPU
	EndGlobalSection
	GlobalSection(SolutionProperties) = preSolution
		HideSolutionNode = FALSE
	EndGlobalSection
	GlobalSection(ExtensibilityGlobals) = postSolution
		SolutionGuid = {8057563C-78D1-48E4-BDCB-A3D2A6C2B6E4}
	EndGlobalSection
EndGlobal
