
Microsoft Visual Studio Solution File, Format Version 12.00
# Visual Studio 15
VisualStudioVersion = 15.0.26124.0
MinimumVisualStudioVersion = 15.0.26124.0
Project("{FAE04EC0-301F-11D3-BF4B-00C04F79EFBC}") = "api", "api\api.csproj", "{9009A8C7-530F-4DA0-BC27-651A5ACFE477}"
EndProject
Project("{FAE04EC0-301F-11D3-BF4B-00C04F79EFBC}") = "mvc", "mvc\mvc.csproj", "{019FCC8D-E49B-4931-B5F4-6DFDC3304B28}"
EndProject
Project("{FAE04EC0-301F-11D3-BF4B-00C04F79EFBC}") = "ishost", "ishost\ishost.csproj", "{E412B1BC-2B97-473F-B5C8-71607883158C}"
EndProject
Global
	GlobalSection(SolutionConfigurationPlatforms) = preSolution
		Debug|Any CPU = Debug|Any CPU
		Debug|x64 = Debug|x64
		Debug|x86 = Debug|x86
		Release|Any CPU = Release|Any CPU
		Release|x64 = Release|x64
		Release|x86 = Release|x86
	EndGlobalSection
	GlobalSection(SolutionProperties) = preSolution
		HideSolutionNode = FALSE
	EndGlobalSection
	GlobalSection(ProjectConfigurationPlatforms) = postSolution
		{9009A8C7-530F-4DA0-BC27-651A5ACFE477}.Debug|Any CPU.ActiveCfg = Debug|Any CPU
		{9009A8C7-530F-4DA0-BC27-651A5ACFE477}.Debug|Any CPU.Build.0 = Debug|Any CPU
		{9009A8C7-530F-4DA0-BC27-651A5ACFE477}.Debug|x64.ActiveCfg = Debug|Any CPU
		{9009A8C7-530F-4DA0-BC27-651A5ACFE477}.Debug|x64.Build.0 = Debug|Any CPU
		{9009A8C7-530F-4DA0-BC27-651A5ACFE477}.Debug|x86.ActiveCfg = Debug|Any CPU
		{9009A8C7-530F-4DA0-BC27-651A5ACFE477}.Debug|x86.Build.0 = Debug|Any CPU
		{9009A8C7-530F-4DA0-BC27-651A5ACFE477}.Release|Any CPU.ActiveCfg = Release|Any CPU
		{9009A8C7-530F-4DA0-BC27-651A5ACFE477}.Release|Any CPU.Build.0 = Release|Any CPU
		{9009A8C7-530F-4DA0-BC27-651A5ACFE477}.Release|x64.ActiveCfg = Release|Any CPU
		{9009A8C7-530F-4DA0-BC27-651A5ACFE477}.Release|x64.Build.0 = Release|Any CPU
		{9009A8C7-530F-4DA0-BC27-651A5ACFE477}.Release|x86.ActiveCfg = Release|Any CPU
		{9009A8C7-530F-4DA0-BC27-651A5ACFE477}.Release|x86.Build.0 = Release|Any CPU
		{019FCC8D-E49B-4931-B5F4-6DFDC3304B28}.Debug|Any CPU.ActiveCfg = Debug|Any CPU
		{019FCC8D-E49B-4931-B5F4-6DFDC3304B28}.Debug|Any CPU.Build.0 = Debug|Any CPU
		{019FCC8D-E49B-4931-B5F4-6DFDC3304B28}.Debug|x64.ActiveCfg = Debug|Any CPU
		{019FCC8D-E49B-4931-B5F4-6DFDC3304B28}.Debug|x64.Build.0 = Debug|Any CPU
		{019FCC8D-E49B-4931-B5F4-6DFDC3304B28}.Debug|x86.ActiveCfg = Debug|Any CPU
		{019FCC8D-E49B-4931-B5F4-6DFDC3304B28}.Debug|x86.Build.0 = Debug|Any CPU
		{019FCC8D-E49B-4931-B5F4-6DFDC3304B28}.Release|Any CPU.ActiveCfg = Release|Any CPU
		{019FCC8D-E49B-4931-B5F4-6DFDC3304B28}.Release|Any CPU.Build.0 = Release|Any CPU
		{019FCC8D-E49B-4931-B5F4-6DFDC3304B28}.Release|x64.ActiveCfg = Release|Any CPU
		{019FCC8D-E49B-4931-B5F4-6DFDC3304B28}.Release|x64.Build.0 = Release|Any CPU
		{019FCC8D-E49B-4931-B5F4-6DFDC3304B28}.Release|x86.ActiveCfg = Release|Any CPU
		{019FCC8D-E49B-4931-B5F4-6DFDC3304B28}.Release|x86.Build.0 = Release|Any CPU
		{E412B1BC-2B97-473F-B5C8-71607883158C}.Debug|Any CPU.ActiveCfg = Debug|Any CPU
		{E412B1BC-2B97-473F-B5C8-71607883158C}.Debug|Any CPU.Build.0 = Debug|Any CPU
		{E412B1BC-2B97-473F-B5C8-71607883158C}.Debug|x64.ActiveCfg = Debug|Any CPU
		{E412B1BC-2B97-473F-B5C8-71607883158C}.Debug|x64.Build.0 = Debug|Any CPU
		{E412B1BC-2B97-473F-B5C8-71607883158C}.Debug|x86.ActiveCfg = Debug|Any CPU
		{E412B1BC-2B97-473F-B5C8-71607883158C}.Debug|x86.Build.0 = Debug|Any CPU
		{E412B1BC-2B97-473F-B5C8-71607883158C}.Release|Any CPU.ActiveCfg = Release|Any CPU
		{E412B1BC-2B97-473F-B5C8-71607883158C}.Release|Any CPU.Build.0 = Release|Any CPU
		{E412B1BC-2B97-473F-B5C8-71607883158C}.Release|x64.ActiveCfg = Release|Any CPU
		{E412B1BC-2B97-473F-B5C8-71607883158C}.Release|x64.Build.0 = Release|Any CPU
		{E412B1BC-2B97-473F-B5C8-71607883158C}.Release|x86.ActiveCfg = Release|Any CPU
		{E412B1BC-2B97-473F-B5C8-71607883158C}.Release|x86.Build.0 = Release|Any CPU
	EndGlobalSection
EndGlobal
